
Microsoft Visual Studio Solution File, Format Version 12.00
# Visual Studio 15
VisualStudioVersion = 15.0.27703.2000
MinimumVisualStudioVersion = 10.0.40219.1
Project("{FAE04EC0-301F-11D3-BF4B-00C04F79EFBC}") = "BugHub.WebApi", "BugHub.WebApi\BugHub.WebApi.csproj", "{70141637-49DD-40CA-B873-1BC9292BC95A}"
EndProject
Project("{FAE04EC0-301F-11D3-BF4B-00C04F79EFBC}") = "BugHub", "BugHub\BugHub.csproj", "{0E583A0D-556A-473D-8522-F55C9DA08D34}"
EndProject
Project("{FAE04EC0-301F-11D3-BF4B-00C04F79EFBC}") = "BugHub.UnitTests", "BugHub.UnitTests\BugHub.UnitTests.csproj", "{F4FE08DE-FF40-4ED4-A4A1-CD841FB32501}"
EndProject
Global
	GlobalSection(SolutionConfigurationPlatforms) = preSolution
		Debug|Any CPU = Debug|Any CPU
		Release|Any CPU = Release|Any CPU
	EndGlobalSection
	GlobalSection(ProjectConfigurationPlatforms) = postSolution
		{70141637-49DD-40CA-B873-1BC9292BC95A}.Debug|Any CPU.ActiveCfg = Debug|Any CPU
		{70141637-49DD-40CA-B873-1BC9292BC95A}.Debug|Any CPU.Build.0 = Debug|Any CPU
		{70141637-49DD-40CA-B873-1BC9292BC95A}.Release|Any CPU.ActiveCfg = Release|Any CPU
		{70141637-49DD-40CA-B873-1BC9292BC95A}.Release|Any CPU.Build.0 = Release|Any CPU
		{0E583A0D-556A-473D-8522-F55C9DA08D34}.Debug|Any CPU.ActiveCfg = Debug|Any CPU
		{0E583A0D-556A-473D-8522-F55C9DA08D34}.Debug|Any CPU.Build.0 = Debug|Any CPU
		{0E583A0D-556A-473D-8522-F55C9DA08D34}.Release|Any CPU.ActiveCfg = Release|Any CPU
		{0E583A0D-556A-473D-8522-F55C9DA08D34}.Release|Any CPU.Build.0 = Release|Any CPU
		{F4FE08DE-FF40-4ED4-A4A1-CD841FB32501}.Debug|Any CPU.ActiveCfg = Debug|Any CPU
		{F4FE08DE-FF40-4ED4-A4A1-CD841FB32501}.Debug|Any CPU.Build.0 = Debug|Any CPU
		{F4FE08DE-FF40-4ED4-A4A1-CD841FB32501}.Release|Any CPU.ActiveCfg = Release|Any CPU
		{F4FE08DE-FF40-4ED4-A4A1-CD841FB32501}.Release|Any CPU.Build.0 = Release|Any CPU
	EndGlobalSection
	GlobalSection(SolutionProperties) = preSolution
		HideSolutionNode = FALSE
	EndGlobalSection
	GlobalSection(ExtensibilityGlobals) = postSolution
		SolutionGuid = {4878F500-AE52-4C8F-BB1C-AE31CBE8A061}
	EndGlobalSection
EndGlobal
